
Microsoft Visual Studio Solution File, Format Version 12.00
# Visual Studio Version 16
VisualStudioVersion = 16.0.29230.47
MinimumVisualStudioVersion = 10.0.40219.1
Project("{FAE04EC0-301F-11D3-BF4B-00C04F79EFBC}") = "POCGraphAPICreateCalendar", "POCGraphAPICreateCalendar\POCGraphAPICreateCalendar.csproj", "{0C34E17D-278D-421C-99BB-E9603F6D1764}"
EndProject
Global
	GlobalSection(SolutionConfigurationPlatforms) = preSolution
		Debug|Any CPU = Debug|Any CPU
		Release|Any CPU = Release|Any CPU
	EndGlobalSection
	GlobalSection(ProjectConfigurationPlatforms) = postSolution
		{0C34E17D-278D-421C-99BB-E9603F6D1764}.Debug|Any CPU.ActiveCfg = Debug|Any CPU
		{0C34E17D-278D-421C-99BB-E9603F6D1764}.Debug|Any CPU.Build.0 = Debug|Any CPU
		{0C34E17D-278D-421C-99BB-E9603F6D1764}.Release|Any CPU.ActiveCfg = Release|Any CPU
		{0C34E17D-278D-421C-99BB-E9603F6D1764}.Release|Any CPU.Build.0 = Release|Any CPU
	EndGlobalSection
	GlobalSection(SolutionProperties) = preSolution
		HideSolutionNode = FALSE
	EndGlobalSection
	GlobalSection(ExtensibilityGlobals) = postSolution
		SolutionGuid = {A8BA2329-4249-415B-9A03-9DC3C84CE27D}
	EndGlobalSection
EndGlobal
